Microsoft Visual Studio Solution File, Format Version 12.00
# Visual Studio Version 17
VisualStudioVersion = 17.5.2.0
MinimumVisualStudioVersion = 10.0.40219.1
Project("{FAE04EC0-301F-11D3-BF4B-00C04F79EFBC}") = "practicarSintaxis", "practicarSintaxis.csproj", "{C4495DC1-7142-06E5-465E-E1410CA106D7}"
EndProject
Global
	GlobalSection(SolutionConfigurationPlatforms) = preSolution
		Debug|Any CPU = Debug|Any CPU
		Release|Any CPU = Release|Any CPU
	EndGlobalSection
	GlobalSection(ProjectConfigurationPlatforms) = postSolution
		{C4495DC1-7142-06E5-465E-E1410CA106D7}.Debug|Any CPU.ActiveCfg = Debug|Any CPU
		{C4495DC1-7142-06E5-465E-E1410CA106D7}.Debug|Any CPU.Build.0 = Debug|Any CPU
		{C4495DC1-7142-06E5-465E-E1410CA106D7}.Release|Any CPU.ActiveCfg = Release|Any CPU
		{C4495DC1-7142-06E5-465E-E1410CA106D7}.Release|Any CPU.Build.0 = Release|Any CPU
	EndGlobalSection
	GlobalSection(SolutionProperties) = preSolution
		HideSolutionNode = FALSE
	EndGlobalSection
	GlobalSection(ExtensibilityGlobals) = postSolution
		SolutionGuid = {FA6C14B8-E164-4B0E-BFFB-FE7308715AD3}
	EndGlobalSection
EndGlobal
